<Solution>
  <Project Path="Opgavesamling 2.5/Opgavesamling 2.5.csproj" />
  <Project Path="Pokedex 1-1025/Pokedex 1-1025.csproj" />
  <Project Path="Pokedex/Pokedex.csproj" />
  <Project Path="TrafikLys/TrafikLys.csproj" />
  <Project Path="UgensVagthold/UgensVagthold.csproj" />
</Solution>
